
Microsoft Visual Studio Solution File, Format Version 12.00
# Visual Studio Version 17
VisualStudioVersion = 17.11.35303.130
MinimumVisualStudioVersion = 10.0.40219.1
Project("{FAE04EC0-301F-11D3-BF4B-00C04F79EFBC}") = "BlazorApp29Oct", "BlazorApp29Oct\BlazorApp29Oct.csproj", "{48234FD1-7DA3-45C7-A1A0-80340C44C6B3}"
EndProject
Global
	GlobalSection(SolutionConfigurationPlatforms) = preSolution
		Debug|Any CPU = Debug|Any CPU
		Release|Any CPU = Release|Any CPU
	EndGlobalSection
	GlobalSection(ProjectConfigurationPlatforms) = postSolution
		{48234FD1-7DA3-45C7-A1A0-80340C44C6B3}.Debug|Any CPU.ActiveCfg = Debug|Any CPU
		{48234FD1-7DA3-45C7-A1A0-80340C44C6B3}.Debug|Any CPU.Build.0 = Debug|Any CPU
		{48234FD1-7DA3-45C7-A1A0-80340C44C6B3}.Release|Any CPU.ActiveCfg = Release|Any CPU
		{48234FD1-7DA3-45C7-A1A0-80340C44C6B3}.Release|Any CPU.Build.0 = Release|Any CPU
	EndGlobalSection
	GlobalSection(SolutionProperties) = preSolution
		HideSolutionNode = FALSE
	EndGlobalSection
	GlobalSection(ExtensibilityGlobals) = postSolution
		SolutionGuid = {0064F256-BE03-4D19-A8CB-880308FFAE14}
	EndGlobalSection
EndGlobal
